
Microsoft Visual Studio Solution File, Format Version 12.00
# Visual Studio Version 16
VisualStudioVersion = 16.0.31424.327
MinimumVisualStudioVersion = 10.0.40219.1
Project("{FAE04EC0-301F-11D3-BF4B-00C04F79EFBC}") = "QA.Contribution.Test.Journey", "src\QA.Contribution.Test.Journey\QA.Contribution.Test.Journey.csproj", "{1137653E-48E7-4982-9531-12DCE81FAEA2}"
EndProject
Global
	GlobalSection(SolutionConfigurationPlatforms) = preSolution
		Debug|Any CPU = Debug|Any CPU
		Release|Any CPU = Release|Any CPU
	EndGlobalSection
	GlobalSection(ProjectConfigurationPlatforms) = postSolution
		{1137653E-48E7-4982-9531-12DCE81FAEA2}.Debug|Any CPU.ActiveCfg = Debug|Any CPU
		{1137653E-48E7-4982-9531-12DCE81FAEA2}.Debug|Any CPU.Build.0 = Debug|Any CPU
		{1137653E-48E7-4982-9531-12DCE81FAEA2}.Release|Any CPU.ActiveCfg = Release|Any CPU
		{1137653E-48E7-4982-9531-12DCE81FAEA2}.Release|Any CPU.Build.0 = Release|Any CPU
	EndGlobalSection
	GlobalSection(SolutionProperties) = preSolution
		HideSolutionNode = FALSE
	EndGlobalSection
	GlobalSection(ExtensibilityGlobals) = postSolution
		SolutionGuid = {05F9C9B5-2B62-4EFC-8B44-3F3C17139D5A}
	EndGlobalSection
EndGlobal
